
Microsoft Visual Studio Solution File, Format Version 12.00
# Visual Studio Version 17
VisualStudioVersion = 17.10.35201.131
MinimumVisualStudioVersion = 10.0.40219.1
Project("{FAE04EC0-301F-11D3-BF4B-00C04F79EFBC}") = "WebApplicationCore", "WebApplicationCore\WebApplicationCore.csproj", "{C1386F16-7104-40A7-B752-C199B9AAB927}"
EndProject
Global
	GlobalSection(SolutionConfigurationPlatforms) = preSolution
		Debug|Any CPU = Debug|Any CPU
		Release|Any CPU = Release|Any CPU
	EndGlobalSection
	GlobalSection(ProjectConfigurationPlatforms) = postSolution
		{C1386F16-7104-40A7-B752-C199B9AAB927}.Debug|Any CPU.ActiveCfg = Debug|Any CPU
		{C1386F16-7104-40A7-B752-C199B9AAB927}.Debug|Any CPU.Build.0 = Debug|Any CPU
		{C1386F16-7104-40A7-B752-C199B9AAB927}.Release|Any CPU.ActiveCfg = Release|Any CPU
		{C1386F16-7104-40A7-B752-C199B9AAB927}.Release|Any CPU.Build.0 = Release|Any CPU
	EndGlobalSection
	GlobalSection(SolutionProperties) = preSolution
		HideSolutionNode = FALSE
	EndGlobalSection
	GlobalSection(ExtensibilityGlobals) = postSolution
		SolutionGuid = {409B5393-DBC8-447E-B2F0-48E90202DB3D}
	EndGlobalSection
EndGlobal
